
Microsoft Visual Studio Solution File, Format Version 12.00
# Visual Studio 15
VisualStudioVersion = 15.0.28307.902
MinimumVisualStudioVersion = 10.0.40219.1
Project("{FAE04EC0-301F-11D3-BF4B-00C04F79EFBC}") = "Main", "Main\Main.csproj", "{6E1F0E18-51E9-4A5F-9B63-A00CA486DB7E}"
EndProject
Global
	GlobalSection(SolutionConfigurationPlatforms) = preSolution
		Debug|Any CPU = Debug|Any CPU
		Release|Any CPU = Release|Any CPU
	EndGlobalSection
	GlobalSection(ProjectConfigurationPlatforms) = postSolution
		{6E1F0E18-51E9-4A5F-9B63-A00CA486DB7E}.Debug|Any CPU.ActiveCfg = Debug|Any CPU
		{6E1F0E18-51E9-4A5F-9B63-A00CA486DB7E}.Debug|Any CPU.Build.0 = Debug|Any CPU
		{6E1F0E18-51E9-4A5F-9B63-A00CA486DB7E}.Release|Any CPU.ActiveCfg = Release|Any CPU
		{6E1F0E18-51E9-4A5F-9B63-A00CA486DB7E}.Release|Any CPU.Build.0 = Release|Any CPU
	EndGlobalSection
	GlobalSection(SolutionProperties) = preSolution
		HideSolutionNode = FALSE
	EndGlobalSection
	GlobalSection(ExtensibilityGlobals) = postSolution
		SolutionGuid = {105120ED-19AB-4907-BF51-E3D8D89C2BF3}
	EndGlobalSection
EndGlobal
